
Microsoft Visual Studio Solution File, Format Version 12.00
Project("{FAE04EC0-301F-11D3-BF4B-00C04F79EFBC}") = "Hacathon.NET", "Hacathon.NET\Hacathon.NET.csproj", "{AE0FCE47-2E3A-4C3D-B75D-36F96C00A1E3}"
EndProject
Global
	GlobalSection(SolutionConfigurationPlatforms) = preSolution
		Debug|Any CPU = Debug|Any CPU
		Release|Any CPU = Release|Any CPU
	EndGlobalSection
	GlobalSection(ProjectConfigurationPlatforms) = postSolution
		{AE0FCE47-2E3A-4C3D-B75D-36F96C00A1E3}.Debug|Any CPU.ActiveCfg = Debug|Any CPU
		{AE0FCE47-2E3A-4C3D-B75D-36F96C00A1E3}.Debug|Any CPU.Build.0 = Debug|Any CPU
		{AE0FCE47-2E3A-4C3D-B75D-36F96C00A1E3}.Release|Any CPU.ActiveCfg = Release|Any CPU
		{AE0FCE47-2E3A-4C3D-B75D-36F96C00A1E3}.Release|Any CPU.Build.0 = Release|Any CPU
	EndGlobalSection
EndGlobal
